
Microsoft Visual Studio Solution File, Format Version 12.00
# Visual Studio Version 17
VisualStudioVersion = 17.14.36518.9
MinimumVisualStudioVersion = 10.0.40219.1
Project("{FAE04EC0-301F-11D3-BF4B-00C04F79EFBC}") = "DesafioCDB.API", "DesafioCDB.API\DesafioCDB.API.csproj", "{3D74D8FE-F460-4463-9E5D-E066645218A8}"
EndProject
Project("{2150E333-8FDC-42A3-9474-1A3956D46DE8}") = "1. APPLICATION", "1. APPLICATION", "{02EA681E-C7D8-13C7-8484-4AC65E1B71E8}"
EndProject
Project("{2150E333-8FDC-42A3-9474-1A3956D46DE8}") = "2 .DOMAIN", "2 .DOMAIN", "{0A966D4D-C7A3-48C6-9467-04EA4F136E05}"
EndProject
Project("{2150E333-8FDC-42A3-9474-1A3956D46DE8}") = "3. INFRA", "3. INFRA", "{DE57041B-F12F-4692-A451-82565DFD9F96}"
EndProject
Project("{FAE04EC0-301F-11D3-BF4B-00C04F79EFBC}") = "DesafioCDB.Domain", "DesafioCDB.Domain\DesafioCDB.Domain.csproj", "{6CA86B97-3AFC-4AF8-A06F-431DBCFA6EA2}"
EndProject
Project("{FAE04EC0-301F-11D3-BF4B-00C04F79EFBC}") = "DesafioCDB.Infra", "DesafioCDB.Infra\DesafioCDB.Infra.csproj", "{C36B65B5-DC21-41BF-9012-306D975D1C16}"
EndProject
Project("{2150E333-8FDC-42A3-9474-1A3956D46DE8}") = "4. TESTS", "4. TESTS", "{4F25603C-66EF-4D5A-A800-F53111B08300}"
EndProject
Project("{FAE04EC0-301F-11D3-BF4B-00C04F79EFBC}") = "DesafioCDB.Tests", "DesafioCDB.Tests\DesafioCDB.Tests.csproj", "{E1D958F8-15F8-4909-B94B-FD9B797F6172}"
EndProject
Global
	GlobalSection(SolutionConfigurationPlatforms) = preSolution
		Debug|Any CPU = Debug|Any CPU
		Release|Any CPU = Release|Any CPU
	EndGlobalSection
	GlobalSection(ProjectConfigurationPlatforms) = postSolution
		{3D74D8FE-F460-4463-9E5D-E066645218A8}.Debug|Any CPU.ActiveCfg = Debug|Any CPU
		{3D74D8FE-F460-4463-9E5D-E066645218A8}.Debug|Any CPU.Build.0 = Debug|Any CPU
		{3D74D8FE-F460-4463-9E5D-E066645218A8}.Release|Any CPU.ActiveCfg = Release|Any CPU
		{3D74D8FE-F460-4463-9E5D-E066645218A8}.Release|Any CPU.Build.0 = Release|Any CPU
		{6CA86B97-3AFC-4AF8-A06F-431DBCFA6EA2}.Debug|Any CPU.ActiveCfg = Debug|Any CPU
		{6CA86B97-3AFC-4AF8-A06F-431DBCFA6EA2}.Debug|Any CPU.Build.0 = Debug|Any CPU
		{6CA86B97-3AFC-4AF8-A06F-431DBCFA6EA2}.Release|Any CPU.ActiveCfg = Release|Any CPU
		{6CA86B97-3AFC-4AF8-A06F-431DBCFA6EA2}.Release|Any CPU.Build.0 = Release|Any CPU
		{C36B65B5-DC21-41BF-9012-306D975D1C16}.Debug|Any CPU.ActiveCfg = Debug|Any CPU
		{C36B65B5-DC21-41BF-9012-306D975D1C16}.Debug|Any CPU.Build.0 = Debug|Any CPU
		{C36B65B5-DC21-41BF-9012-306D975D1C16}.Release|Any CPU.ActiveCfg = Release|Any CPU
		{C36B65B5-DC21-41BF-9012-306D975D1C16}.Release|Any CPU.Build.0 = Release|Any CPU
		{E1D958F8-15F8-4909-B94B-FD9B797F6172}.Debug|Any CPU.ActiveCfg = Debug|Any CPU
		{E1D958F8-15F8-4909-B94B-FD9B797F6172}.Debug|Any CPU.Build.0 = Debug|Any CPU
		{E1D958F8-15F8-4909-B94B-FD9B797F6172}.Release|Any CPU.ActiveCfg = Release|Any CPU
		{E1D958F8-15F8-4909-B94B-FD9B797F6172}.Release|Any CPU.Build.0 = Release|Any CPU
	EndGlobalSection
	GlobalSection(SolutionProperties) = preSolution
		HideSolutionNode = FALSE
	EndGlobalSection
	GlobalSection(NestedProjects) = preSolution
		{3D74D8FE-F460-4463-9E5D-E066645218A8} = {02EA681E-C7D8-13C7-8484-4AC65E1B71E8}
		{6CA86B97-3AFC-4AF8-A06F-431DBCFA6EA2} = {0A966D4D-C7A3-48C6-9467-04EA4F136E05}
		{C36B65B5-DC21-41BF-9012-306D975D1C16} = {DE57041B-F12F-4692-A451-82565DFD9F96}
		{E1D958F8-15F8-4909-B94B-FD9B797F6172} = {4F25603C-66EF-4D5A-A800-F53111B08300}
	EndGlobalSection
	GlobalSection(ExtensibilityGlobals) = postSolution
		SolutionGuid = {CD3B8087-FC62-4935-899D-E3D2B9D4B84A}
	EndGlobalSection
EndGlobal
